
Microsoft Visual Studio Solution File, Format Version 12.00
# Visual Studio Version 17
VisualStudioVersion = 17.11.35303.130
MinimumVisualStudioVersion = 10.0.40219.1
Project("{FAE04EC0-301F-11D3-BF4B-00C04F79EFBC}") = "Shape", "Shape\Shape.csproj", "{40C3DE1E-C65A-45CD-9B41-AD22A00A521A}"
EndProject
Project("{FAE04EC0-301F-11D3-BF4B-00C04F79EFBC}") = "Shape.Test", "TestProject1\Shape.Test.csproj", "{60895D71-6E4D-48DD-AF10-BDBA54AACA81}"
EndProject
Global
	GlobalSection(SolutionConfigurationPlatforms) = preSolution
		Debug|Any CPU = Debug|Any CPU
		Release|Any CPU = Release|Any CPU
	EndGlobalSection
	GlobalSection(ProjectConfigurationPlatforms) = postSolution
		{40C3DE1E-C65A-45CD-9B41-AD22A00A521A}.Debug|Any CPU.ActiveCfg = Debug|Any CPU
		{40C3DE1E-C65A-45CD-9B41-AD22A00A521A}.Debug|Any CPU.Build.0 = Debug|Any CPU
		{40C3DE1E-C65A-45CD-9B41-AD22A00A521A}.Release|Any CPU.ActiveCfg = Release|Any CPU
		{40C3DE1E-C65A-45CD-9B41-AD22A00A521A}.Release|Any CPU.Build.0 = Release|Any CPU
		{60895D71-6E4D-48DD-AF10-BDBA54AACA81}.Debug|Any CPU.ActiveCfg = Debug|Any CPU
		{60895D71-6E4D-48DD-AF10-BDBA54AACA81}.Debug|Any CPU.Build.0 = Debug|Any CPU
		{60895D71-6E4D-48DD-AF10-BDBA54AACA81}.Release|Any CPU.ActiveCfg = Release|Any CPU
		{60895D71-6E4D-48DD-AF10-BDBA54AACA81}.Release|Any CPU.Build.0 = Release|Any CPU
	EndGlobalSection
	GlobalSection(SolutionProperties) = preSolution
		HideSolutionNode = FALSE
	EndGlobalSection
	GlobalSection(ExtensibilityGlobals) = postSolution
		SolutionGuid = {790A68C8-A1E8-4003-BEB8-26AEBBA34196}
	EndGlobalSection
EndGlobal
